
Microsoft Visual Studio Solution File, Format Version 12.00
# Visual Studio 15
VisualStudioVersion = 15.0.27130.2036
MinimumVisualStudioVersion = 10.0.40219.1
Project("{FAE04EC0-301F-11D3-BF4B-00C04F79EFBC}") = "SqTec.Console", "SqTec.Console\SqTec.Console.csproj", "{117745CC-1075-46F8-9988-4D628F1AABF0}"
EndProject
Project("{2150E333-8FDC-42A3-9474-1A3956D46DE8}") = "1 - Console", "1 - Console", "{DB4EEED0-D6F0-4430-AD95-685D600039AB}"
EndProject
Project("{2150E333-8FDC-42A3-9474-1A3956D46DE8}") = "2 - Services", "2 - Services", "{9CC08A7F-085F-4AD4-A7C5-24E1A3262108}"
EndProject
Project("{FAE04EC0-301F-11D3-BF4B-00C04F79EFBC}") = "SqTec.Extensions", "SqTec.Extensions\SqTec.Extensions.csproj", "{C4AEB34C-6DB0-4977-ADB9-1C09FA97C3BD}"
EndProject
Project("{2150E333-8FDC-42A3-9474-1A3956D46DE8}") = "3 - Core", "3 - Core", "{B5DD391E-D0C1-4455-934E-C83B09FFDC35}"
EndProject
Project("{FAE04EC0-301F-11D3-BF4B-00C04F79EFBC}") = "SqTec.Domain", "SqTec.Domain\SqTec.Domain.csproj", "{02A96BB6-BFFE-4B03-A4C2-3F4853B176DA}"
EndProject
Project("{FAE04EC0-301F-11D3-BF4B-00C04F79EFBC}") = "SqTec.Domain.Core", "SqTec.Domain.Core\SqTec.Domain.Core.csproj", "{57ABF994-AC39-4036-ABA4-452B73BE35EA}"
EndProject
Project("{FAE04EC0-301F-11D3-BF4B-00C04F79EFBC}") = "SqTec.Services.Cliente", "SqTec.Services.Cliente\SqTec.Services.Cliente.csproj", "{56218D4A-0DCF-4DF0-8414-7F3A6A766E69}"
EndProject
Project("{FAE04EC0-301F-11D3-BF4B-00C04F79EFBC}") = "SqTec.Services.Config", "SqTec.Services.Config\SqTec.Services.Config.csproj", "{A0A08BC1-BFC7-4AC5-8490-02B4CB1A4AA1}"
EndProject
Project("{FAE04EC0-301F-11D3-BF4B-00C04F79EFBC}") = "SqTec.Services.Exibicao", "SqTec.Services.Exibicao\SqTec.Services.Exibicao.csproj", "{FB0D7C79-5443-4586-AFA3-F26F6A866C5A}"
EndProject
Project("{FAE04EC0-301F-11D3-BF4B-00C04F79EFBC}") = "SqTec.Services.Log", "SqTec.Services.Log\SqTec.Services.Log.csproj", "{571FCF03-A5A8-43B9-A470-3BAFEC8C1F3A}"
EndProject
Project("{FAE04EC0-301F-11D3-BF4B-00C04F79EFBC}") = "SqTec.Services.Premiacao", "SqTec.Services.Premiacao\SqTec.Services.Premiacao.csproj", "{CD405CC0-C7B8-4A9B-8055-622F2F7119D3}"
EndProject
Project("{2150E333-8FDC-42A3-9474-1A3956D46DE8}") = "4 - Repositories", "4 - Repositories", "{06BD4B36-B525-4AAD-A72C-07E36BA15036}"
EndProject
Project("{FAE04EC0-301F-11D3-BF4B-00C04F79EFBC}") = "SqTec.Domain.Repositories", "SqTec.Domain.Repositories\SqTec.Domain.Repositories.csproj", "{1BAE501B-E7AD-4A4A-A9DB-D8577B6354D3}"
EndProject
Project("{FAE04EC0-301F-11D3-BF4B-00C04F79EFBC}") = "SqTec.Shared", "SqTec.Shared\SqTec.Shared.csproj", "{8178ADAF-069E-41DC-8217-945B6636225B}"
EndProject
Project("{FAE04EC0-301F-11D3-BF4B-00C04F79EFBC}") = "SqtTec.Exceptions", "SqtTec.Exceptions\SqtTec.Exceptions.csproj", "{BD70A9EE-D0CF-4AD5-9417-CCC1ECB83AE5}"
EndProject
Global
	GlobalSection(SolutionConfigurationPlatforms) = preSolution
		Debug|Any CPU = Debug|Any CPU
		Release|Any CPU = Release|Any CPU
	EndGlobalSection
	GlobalSection(ProjectConfigurationPlatforms) = postSolution
		{117745CC-1075-46F8-9988-4D628F1AABF0}.Debug|Any CPU.ActiveCfg = Debug|Any CPU
		{117745CC-1075-46F8-9988-4D628F1AABF0}.Debug|Any CPU.Build.0 = Debug|Any CPU
		{117745CC-1075-46F8-9988-4D628F1AABF0}.Release|Any CPU.ActiveCfg = Release|Any CPU
		{117745CC-1075-46F8-9988-4D628F1AABF0}.Release|Any CPU.Build.0 = Release|Any CPU
		{C4AEB34C-6DB0-4977-ADB9-1C09FA97C3BD}.Debug|Any CPU.ActiveCfg = Debug|Any CPU
		{C4AEB34C-6DB0-4977-ADB9-1C09FA97C3BD}.Debug|Any CPU.Build.0 = Debug|Any CPU
		{C4AEB34C-6DB0-4977-ADB9-1C09FA97C3BD}.Release|Any CPU.ActiveCfg = Release|Any CPU
		{C4AEB34C-6DB0-4977-ADB9-1C09FA97C3BD}.Release|Any CPU.Build.0 = Release|Any CPU
		{02A96BB6-BFFE-4B03-A4C2-3F4853B176DA}.Debug|Any CPU.ActiveCfg = Debug|Any CPU
		{02A96BB6-BFFE-4B03-A4C2-3F4853B176DA}.Debug|Any CPU.Build.0 = Debug|Any CPU
		{02A96BB6-BFFE-4B03-A4C2-3F4853B176DA}.Release|Any CPU.ActiveCfg = Release|Any CPU
		{02A96BB6-BFFE-4B03-A4C2-3F4853B176DA}.Release|Any CPU.Build.0 = Release|Any CPU
		{57ABF994-AC39-4036-ABA4-452B73BE35EA}.Debug|Any CPU.ActiveCfg = Debug|Any CPU
		{57ABF994-AC39-4036-ABA4-452B73BE35EA}.Debug|Any CPU.Build.0 = Debug|Any CPU
		{57ABF994-AC39-4036-ABA4-452B73BE35EA}.Release|Any CPU.ActiveCfg = Release|Any CPU
		{57ABF994-AC39-4036-ABA4-452B73BE35EA}.Release|Any CPU.Build.0 = Release|Any CPU
		{56218D4A-0DCF-4DF0-8414-7F3A6A766E69}.Debug|Any CPU.ActiveCfg = Debug|Any CPU
		{56218D4A-0DCF-4DF0-8414-7F3A6A766E69}.Debug|Any CPU.Build.0 = Debug|Any CPU
		{56218D4A-0DCF-4DF0-8414-7F3A6A766E69}.Release|Any CPU.ActiveCfg = Release|Any CPU
		{56218D4A-0DCF-4DF0-8414-7F3A6A766E69}.Release|Any CPU.Build.0 = Release|Any CPU
		{A0A08BC1-BFC7-4AC5-8490-02B4CB1A4AA1}.Debug|Any CPU.ActiveCfg = Debug|Any CPU
		{A0A08BC1-BFC7-4AC5-8490-02B4CB1A4AA1}.Debug|Any CPU.Build.0 = Debug|Any CPU
		{A0A08BC1-BFC7-4AC5-8490-02B4CB1A4AA1}.Release|Any CPU.ActiveCfg = Release|Any CPU
		{A0A08BC1-BFC7-4AC5-8490-02B4CB1A4AA1}.Release|Any CPU.Build.0 = Release|Any CPU
		{FB0D7C79-5443-4586-AFA3-F26F6A866C5A}.Debug|Any CPU.ActiveCfg = Debug|Any CPU
		{FB0D7C79-5443-4586-AFA3-F26F6A866C5A}.Debug|Any CPU.Build.0 = Debug|Any CPU
		{FB0D7C79-5443-4586-AFA3-F26F6A866C5A}.Release|Any CPU.ActiveCfg = Release|Any CPU
		{FB0D7C79-5443-4586-AFA3-F26F6A866C5A}.Release|Any CPU.Build.0 = Release|Any CPU
		{571FCF03-A5A8-43B9-A470-3BAFEC8C1F3A}.Debug|Any CPU.ActiveCfg = Debug|Any CPU
		{571FCF03-A5A8-43B9-A470-3BAFEC8C1F3A}.Debug|Any CPU.Build.0 = Debug|Any CPU
		{571FCF03-A5A8-43B9-A470-3BAFEC8C1F3A}.Release|Any CPU.ActiveCfg = Release|Any CPU
		{571FCF03-A5A8-43B9-A470-3BAFEC8C1F3A}.Release|Any CPU.Build.0 = Release|Any CPU
		{CD405CC0-C7B8-4A9B-8055-622F2F7119D3}.Debug|Any CPU.ActiveCfg = Debug|Any CPU
		{CD405CC0-C7B8-4A9B-8055-622F2F7119D3}.Debug|Any CPU.Build.0 = Debug|Any CPU
		{CD405CC0-C7B8-4A9B-8055-622F2F7119D3}.Release|Any CPU.ActiveCfg = Release|Any CPU
		{CD405CC0-C7B8-4A9B-8055-622F2F7119D3}.Release|Any CPU.Build.0 = Release|Any CPU
		{1BAE501B-E7AD-4A4A-A9DB-D8577B6354D3}.Debug|Any CPU.ActiveCfg = Debug|Any CPU
		{1BAE501B-E7AD-4A4A-A9DB-D8577B6354D3}.Debug|Any CPU.Build.0 = Debug|Any CPU
		{1BAE501B-E7AD-4A4A-A9DB-D8577B6354D3}.Release|Any CPU.ActiveCfg = Release|Any CPU
		{1BAE501B-E7AD-4A4A-A9DB-D8577B6354D3}.Release|Any CPU.Build.0 = Release|Any CPU
		{8178ADAF-069E-41DC-8217-945B6636225B}.Debug|Any CPU.ActiveCfg = Debug|Any CPU
		{8178ADAF-069E-41DC-8217-945B6636225B}.Debug|Any CPU.Build.0 = Debug|Any CPU
		{8178ADAF-069E-41DC-8217-945B6636225B}.Release|Any CPU.ActiveCfg = Release|Any CPU
		{8178ADAF-069E-41DC-8217-945B6636225B}.Release|Any CPU.Build.0 = Release|Any CPU
		{BD70A9EE-D0CF-4AD5-9417-CCC1ECB83AE5}.Debug|Any CPU.ActiveCfg = Debug|Any CPU
		{BD70A9EE-D0CF-4AD5-9417-CCC1ECB83AE5}.Debug|Any CPU.Build.0 = Debug|Any CPU
		{BD70A9EE-D0CF-4AD5-9417-CCC1ECB83AE5}.Release|Any CPU.ActiveCfg = Release|Any CPU
		{BD70A9EE-D0CF-4AD5-9417-CCC1ECB83AE5}.Release|Any CPU.Build.0 = Release|Any CPU
	EndGlobalSection
	GlobalSection(SolutionProperties) = preSolution
		HideSolutionNode = FALSE
	EndGlobalSection
	GlobalSection(NestedProjects) = preSolution
		{117745CC-1075-46F8-9988-4D628F1AABF0} = {DB4EEED0-D6F0-4430-AD95-685D600039AB}
		{C4AEB34C-6DB0-4977-ADB9-1C09FA97C3BD} = {B5DD391E-D0C1-4455-934E-C83B09FFDC35}
		{02A96BB6-BFFE-4B03-A4C2-3F4853B176DA} = {B5DD391E-D0C1-4455-934E-C83B09FFDC35}
		{57ABF994-AC39-4036-ABA4-452B73BE35EA} = {B5DD391E-D0C1-4455-934E-C83B09FFDC35}
		{56218D4A-0DCF-4DF0-8414-7F3A6A766E69} = {9CC08A7F-085F-4AD4-A7C5-24E1A3262108}
		{A0A08BC1-BFC7-4AC5-8490-02B4CB1A4AA1} = {9CC08A7F-085F-4AD4-A7C5-24E1A3262108}
		{FB0D7C79-5443-4586-AFA3-F26F6A866C5A} = {9CC08A7F-085F-4AD4-A7C5-24E1A3262108}
		{571FCF03-A5A8-43B9-A470-3BAFEC8C1F3A} = {9CC08A7F-085F-4AD4-A7C5-24E1A3262108}
		{CD405CC0-C7B8-4A9B-8055-622F2F7119D3} = {9CC08A7F-085F-4AD4-A7C5-24E1A3262108}
		{1BAE501B-E7AD-4A4A-A9DB-D8577B6354D3} = {06BD4B36-B525-4AAD-A72C-07E36BA15036}
		{8178ADAF-069E-41DC-8217-945B6636225B} = {B5DD391E-D0C1-4455-934E-C83B09FFDC35}
		{BD70A9EE-D0CF-4AD5-9417-CCC1ECB83AE5} = {B5DD391E-D0C1-4455-934E-C83B09FFDC35}
	EndGlobalSection
	GlobalSection(ExtensibilityGlobals) = postSolution
		SolutionGuid = {C407D230-9F76-4A78-BE06-E9E463DDF5D6}
	EndGlobalSection
EndGlobal
